
Microsoft Visual Studio Solution File, Format Version 12.00
# Visual Studio Version 17
VisualStudioVersion = 17.5.002.0
MinimumVisualStudioVersion = 10.0.40219.1
Project("{9A19103F-16F7-4668-BE54-9A1E7A4F7556}") = "DebugConsole", "DebugConsole\DebugConsole.csproj", "{DFC17C58-FBF2-435F-8C4E-B95FF7EC4676}"
EndProject
Project("{9A19103F-16F7-4668-BE54-9A1E7A4F7556}") = "TestLibrary", "src\Library.csproj", "{14167532-B2B7-463F-9912-73BD25F19A4A}"
EndProject
Project("{FAE04EC0-301F-11D3-BF4B-00C04F79EFBC}") = "LibraryTests", "test\LibraryTests.csproj", "{B583F3D5-28CF-4F32-A578-D2BE3AE321B2}"
EndProject
Global
	GlobalSection(SolutionConfigurationPlatforms) = preSolution
		Debug|Any CPU = Debug|Any CPU
		Release|Any CPU = Release|Any CPU
	EndGlobalSection
	GlobalSection(ProjectConfigurationPlatforms) = postSolution
		{DFC17C58-FBF2-435F-8C4E-B95FF7EC4676}.Debug|Any CPU.ActiveCfg = Debug|Any CPU
		{DFC17C58-FBF2-435F-8C4E-B95FF7EC4676}.Debug|Any CPU.Build.0 = Debug|Any CPU
		{DFC17C58-FBF2-435F-8C4E-B95FF7EC4676}.Release|Any CPU.ActiveCfg = Release|Any CPU
		{DFC17C58-FBF2-435F-8C4E-B95FF7EC4676}.Release|Any CPU.Build.0 = Release|Any CPU
		{14167532-B2B7-463F-9912-73BD25F19A4A}.Debug|Any CPU.ActiveCfg = Debug|Any CPU
		{14167532-B2B7-463F-9912-73BD25F19A4A}.Debug|Any CPU.Build.0 = Debug|Any CPU
		{14167532-B2B7-463F-9912-73BD25F19A4A}.Release|Any CPU.ActiveCfg = Release|Any CPU
		{14167532-B2B7-463F-9912-73BD25F19A4A}.Release|Any CPU.Build.0 = Release|Any CPU
		{B583F3D5-28CF-4F32-A578-D2BE3AE321B2}.Debug|Any CPU.ActiveCfg = Debug|Any CPU
		{B583F3D5-28CF-4F32-A578-D2BE3AE321B2}.Debug|Any CPU.Build.0 = Debug|Any CPU
		{B583F3D5-28CF-4F32-A578-D2BE3AE321B2}.Release|Any CPU.ActiveCfg = Release|Any CPU
		{B583F3D5-28CF-4F32-A578-D2BE3AE321B2}.Release|Any CPU.Build.0 = Release|Any CPU
	EndGlobalSection
	GlobalSection(SolutionProperties) = preSolution
		HideSolutionNode = FALSE
	EndGlobalSection
	GlobalSection(ExtensibilityGlobals) = postSolution
		SolutionGuid = {1DAC896F-9422-48FD-938A-CCD62D30BBA7}
	EndGlobalSection
EndGlobal
